<Solution>
  <Folder Name="/src/">
    <Project Path="src/ThousandLi.Contracts/ThousandLi.Contracts.csproj" />
    <Project Path="src/ThousandLi.DevHost/ThousandLi.DevHost.csproj" />
    <Project Path="src/ThousandLi.ExpertAuthoring/ThousandLi.ExpertAuthoring.csproj" />
    <Project Path="src/ThousandLi.ExpertContracts/ThousandLi.ExpertContracts.csproj" />
    <Project Path="src/ThousandLi.GameAuthoring/ThousandLi.GameAuthoring.csproj" />
    <Project Path="src/ThousandLi.RemoteExperts/ThousandLi.RemoteExperts.csproj" />
    <Project Path="src/ThousandLi.Testing/ThousandLi.Testing.csproj" />
  </Folder>
  <Folder Name="/samples/">
    <Project Path="samples/ThousandLi.SampleExpert/ThousandLi.SampleExpert.csproj" />
    <Project Path="samples/ThousandLi.SampleGame/ThousandLi.SampleGame.csproj" />
  </Folder>
  <Folder Name="/tests/">
    <Project Path="tests/ThousandLi.Sdk.Tests/ThousandLi.Sdk.Tests.csproj" />
    <Project Path="tests/ThousandLi.BrokenContractFixtures/ThousandLi.BrokenContractFixtures.csproj" />
    <Project Path="tests/ThousandLi.LocalExpertFixture/ThousandLi.LocalExpertFixture.csproj" />
    <Project Path="tests/ThousandLi.LocalExpertMultiEntryFixture/ThousandLi.LocalExpertMultiEntryFixture.csproj" />
    <Project Path="tests/ThousandLi.LocalExpertNoContractFixture/ThousandLi.LocalExpertNoContractFixture.csproj" />
    <Project Path="tests/ThousandLi.LocalExpertWrongShapeFixture/ThousandLi.LocalExpertWrongShapeFixture.csproj" />
    <Project Path="tests/ThousandLi.UnregisteredContractFixture/ThousandLi.UnregisteredContractFixture.csproj" />
  </Folder>
</Solution>
